# bun.lock cleared by automated fix branch: chore/fix-peer-deps-legacy-install
# Original bun.lock was keeping a stale dependency (react-qr-reader@3.0.0-beta-1) that conflicts with React 18.
# To fully fix, regenerate npm lockfile locally:
#   rm -rf node_modules package-lock.json bun.lock
#   npm install
# Then commit the new package-lock.json and remove this note.
